{
  "name": "geolocation",
  "version": "1.0.0",
  "lockfileVersion": 2,
  "requires": true,
  "packages": {
    "": {
      "version": "1.0.0",
      "license": "ISC",
      "dependencies": {
        "node-navigator": "^1.0.1"
      }
    },
    "node_modules/node-navigator": {
      "version": "1.0.1",
      "resolved": "https://registry.npmjs.org/node-navigator/-/node-navigator-1.0.1.tgz",
      "integrity": "sha512-8CWewicTxmE9bbLywi/TIn4QgT8QYikmnNiMIMx+FHTsizZBLcsl4nQUR8zK9DCljwNssjTIaqreVibmhqSvyQ=="
    }
  },
  "dependencies": {
    "node-navigator": {
      "version": "1.0.1",
      "resolved": "https://registry.npmjs.org/node-navigator/-/node-navigator-1.0.1.tgz",
      "integrity": "sha512-8CWewicTxmE9bbLywi/TIn4QgT8QYikmnNiMIMx+FHTsizZBLcsl4nQUR8zK9DCljwNssjTIaqreVibmhqSvyQ=="
    }
  }
}
